
Microsoft Visual Studio Solution File, Format Version 12.00
# Visual Studio 15
VisualStudioVersion = 15.0.28010.2050
MinimumVisualStudioVersion = 10.0.40219.1
Project("{159641D6-6404-4A2A-AE62-294DE0FE8301}") = "CopySSISEnvironmentsWithTSQL", "CopySSISEnvironmentsWithTSQL\CopySSISEnvironmentsWithTSQL.dtproj", "{D22EB1D0-615B-4301-AFBD-DD42EE28CD81}"
EndProject
Global
	GlobalSection(SolutionConfigurationPlatforms) = preSolution
		Development|Default = Development|Default
	EndGlobalSection
	GlobalSection(ProjectConfigurationPlatforms) = postSolution
		{D22EB1D0-615B-4301-AFBD-DD42EE28CD81}.Development|Default.ActiveCfg = Development
		{D22EB1D0-615B-4301-AFBD-DD42EE28CD81}.Development|Default.Build.0 = Development
	EndGlobalSection
	GlobalSection(SolutionProperties) = preSolution
		HideSolutionNode = FALSE
	EndGlobalSection
	GlobalSection(ExtensibilityGlobals) = postSolution
		SolutionGuid = {C1060148-310E-4EC7-BE49-7DC264593BDD}
	EndGlobalSection
EndGlobal
